
Microsoft Visual Studio Solution File, Format Version 12.00
# Visual Studio Version 17
VisualStudioVersion = 17.7.34031.279
MinimumVisualStudioVersion = 10.0.40219.1
Project("{9A19103F-16F7-4668-BE54-9A1E7A4F7556}") = "aruodas.ltOOPInheritance0731vak", "aruodas.ltOOPInheritance0731vak\aruodas.ltOOPInheritance0731vak.csproj", "{8E476494-F9D8-403E-9487-2929918B5549}"
EndProject
Global
	GlobalSection(SolutionConfigurationPlatforms) = preSolution
		Debug|Any CPU = Debug|Any CPU
		Release|Any CPU = Release|Any CPU
	EndGlobalSection
	GlobalSection(ProjectConfigurationPlatforms) = postSolution
		{8E476494-F9D8-403E-9487-2929918B5549}.Debug|Any CPU.ActiveCfg = Debug|Any CPU
		{8E476494-F9D8-403E-9487-2929918B5549}.Debug|Any CPU.Build.0 = Debug|Any CPU
		{8E476494-F9D8-403E-9487-2929918B5549}.Release|Any CPU.ActiveCfg = Release|Any CPU
		{8E476494-F9D8-403E-9487-2929918B5549}.Release|Any CPU.Build.0 = Release|Any CPU
	EndGlobalSection
	GlobalSection(SolutionProperties) = preSolution
		HideSolutionNode = FALSE
	EndGlobalSection
	GlobalSection(ExtensibilityGlobals) = postSolution
		SolutionGuid = {DCED32B1-3835-4022-B0BF-AADB1B0684C5}
	EndGlobalSection
EndGlobal
